
Microsoft Visual Studio Solution File, Format Version 12.00
# Visual Studio Version 17
VisualStudioVersion = 17.12.35527.113 d17.12
MinimumVisualStudioVersion = 10.0.40219.1
Project("{FAE04EC0-301F-11D3-BF4B-00C04F79EFBC}") = "RapidFTPWorkerService", "RapidFTPWorkerService\RapidFTPWorkerService.csproj", "{86C9E260-967B-4884-B22D-2BC3A897B569}"
EndProject
Project("{FAE04EC0-301F-11D3-BF4B-00C04F79EFBC}") = "RapidFTPConfigurator", "RapidFTPConfigurator\RapidFTPConfigurator.csproj", "{07B5DB33-0090-4D4A-A132-459884F4552B}"
EndProject
Global
	GlobalSection(SolutionConfigurationPlatforms) = preSolution
		Debug|Any CPU = Debug|Any CPU
		Release|Any CPU = Release|Any CPU
	EndGlobalSection
	GlobalSection(ProjectConfigurationPlatforms) = postSolution
		{86C9E260-967B-4884-B22D-2BC3A897B569}.Debug|Any CPU.ActiveCfg = Debug|Any CPU
		{86C9E260-967B-4884-B22D-2BC3A897B569}.Debug|Any CPU.Build.0 = Debug|Any CPU
		{86C9E260-967B-4884-B22D-2BC3A897B569}.Release|Any CPU.ActiveCfg = Release|Any CPU
		{86C9E260-967B-4884-B22D-2BC3A897B569}.Release|Any CPU.Build.0 = Release|Any CPU
		{07B5DB33-0090-4D4A-A132-459884F4552B}.Debug|Any CPU.ActiveCfg = Debug|Any CPU
		{07B5DB33-0090-4D4A-A132-459884F4552B}.Debug|Any CPU.Build.0 = Debug|Any CPU
		{07B5DB33-0090-4D4A-A132-459884F4552B}.Release|Any CPU.ActiveCfg = Release|Any CPU
		{07B5DB33-0090-4D4A-A132-459884F4552B}.Release|Any CPU.Build.0 = Release|Any CPU
	EndGlobalSection
	GlobalSection(SolutionProperties) = preSolution
		HideSolutionNode = FALSE
	EndGlobalSection
EndGlobal
